
Microsoft Visual Studio Solution File, Format Version 12.00
# Visual Studio Version 17
VisualStudioVersion = 17.0.31521.260
MinimumVisualStudioVersion = 10.0.40219.1
Project("{9A19103F-16F7-4668-BE54-9A1E7A4F7556}") = "BioData", "BioData\BioData.csproj", "{6865DDAD-CDBF-4514-ADB2-2E6E35372667}"
EndProject
Global
	GlobalSection(SolutionConfigurationPlatforms) = preSolution
		Debug|Any CPU = Debug|Any CPU
		Release|Any CPU = Release|Any CPU
	EndGlobalSection
	GlobalSection(ProjectConfigurationPlatforms) = postSolution
		{6865DDAD-CDBF-4514-ADB2-2E6E35372667}.Debug|Any CPU.ActiveCfg = Debug|Any CPU
		{6865DDAD-CDBF-4514-ADB2-2E6E35372667}.Debug|Any CPU.Build.0 = Debug|Any CPU
		{6865DDAD-CDBF-4514-ADB2-2E6E35372667}.Release|Any CPU.ActiveCfg = Release|Any CPU
		{6865DDAD-CDBF-4514-ADB2-2E6E35372667}.Release|Any CPU.Build.0 = Release|Any CPU
	EndGlobalSection
	GlobalSection(SolutionProperties) = preSolution
		HideSolutionNode = FALSE
	EndGlobalSection
	GlobalSection(ExtensibilityGlobals) = postSolution
		SolutionGuid = {1B97120C-34AD-4008-99AA-E5EC45484E0A}
	EndGlobalSection
EndGlobal
